
Microsoft Visual Studio Solution File, Format Version 12.00
# Visual Studio Version 16
VisualStudioVersion = 16.0.30717.126
MinimumVisualStudioVersion = 10.0.40219.1
Project("{9A19103F-16F7-4668-BE54-9A1E7A4F7556}") = "Daxi.Libraries.MemoryStreamer", "src\Daxi.Libraries.MemoryStreamer\Daxi.Libraries.MemoryStreamer.csproj", "{34E8A725-09FB-4980-AB4B-613DF3834B14}"
EndProject
Project("{9A19103F-16F7-4668-BE54-9A1E7A4F7556}") = "Daxi.Web.Api", "src\Daxi.Web.Api\Daxi.Web.Api.csproj", "{F436D8AE-8551-4DB9-A6D2-ACC8F3B06890}"
EndProject
Project("{2150E333-8FDC-42A3-9474-1A3956D46DE8}") = "src", "src", "{A16B5D4B-5361-4AA0-919D-34E0155FF1B9}"
EndProject
Project("{2150E333-8FDC-42A3-9474-1A3956D46DE8}") = "tests", "tests", "{7E2E515F-380B-4E24-9CED-FEEE83341AE8}"
EndProject
Project("{9A19103F-16F7-4668-BE54-9A1E7A4F7556}") = "Daxi.Web.Api.Shared", "src\Daxi.Web.Api.Shared\Daxi.Web.Api.Shared.csproj", "{1DCFF4BB-7444-41B7-B452-6230765355CA}"
EndProject
Project("{2150E333-8FDC-42A3-9474-1A3956D46DE8}") = "internal", "internal", "{2B159C9D-9A91-49EF-9E56-D68B038986D8}"
EndProject
Project("{2150E333-8FDC-42A3-9474-1A3956D46DE8}") = "componenttests", "componenttests", "{0850EC2D-D715-4583-A55C-1AD1FC26E947}"
EndProject
Project("{9A19103F-16F7-4668-BE54-9A1E7A4F7556}") = "Daxi.Web.Api.ComponentTests", "tests\internal\componenttests\Daxi.Web.Api.ComponentTests\Daxi.Web.Api.ComponentTests.csproj", "{9D02524F-8593-4684-B318-1A357EBA32D8}"
EndProject
Project("{2150E333-8FDC-42A3-9474-1A3956D46DE8}") = "helpers", "helpers", "{CD56721C-417D-4D91-B963-CD042CD80538}"
EndProject
Project("{9A19103F-16F7-4668-BE54-9A1E7A4F7556}") = "Daxi.Tests.WebTestHelperLibrary", "tests\helpers\Daxi.Tests.WebTestHelperLibrary\Daxi.Tests.WebTestHelperLibrary.csproj", "{9CAA7F04-A7ED-482D-BC63-D84FD51BFC40}"
EndProject
Global
	GlobalSection(SolutionConfigurationPlatforms) = preSolution
		Debug|Any CPU = Debug|Any CPU
		Release|Any CPU = Release|Any CPU
	EndGlobalSection
	GlobalSection(ProjectConfigurationPlatforms) = postSolution
		{34E8A725-09FB-4980-AB4B-613DF3834B14}.Debug|Any CPU.ActiveCfg = Debug|Any CPU
		{34E8A725-09FB-4980-AB4B-613DF3834B14}.Debug|Any CPU.Build.0 = Debug|Any CPU
		{34E8A725-09FB-4980-AB4B-613DF3834B14}.Release|Any CPU.ActiveCfg = Release|Any CPU
		{34E8A725-09FB-4980-AB4B-613DF3834B14}.Release|Any CPU.Build.0 = Release|Any CPU
		{F436D8AE-8551-4DB9-A6D2-ACC8F3B06890}.Debug|Any CPU.ActiveCfg = Debug|Any CPU
		{F436D8AE-8551-4DB9-A6D2-ACC8F3B06890}.Debug|Any CPU.Build.0 = Debug|Any CPU
		{F436D8AE-8551-4DB9-A6D2-ACC8F3B06890}.Release|Any CPU.ActiveCfg = Release|Any CPU
		{F436D8AE-8551-4DB9-A6D2-ACC8F3B06890}.Release|Any CPU.Build.0 = Release|Any CPU
		{1DCFF4BB-7444-41B7-B452-6230765355CA}.Debug|Any CPU.ActiveCfg = Debug|Any CPU
		{1DCFF4BB-7444-41B7-B452-6230765355CA}.Debug|Any CPU.Build.0 = Debug|Any CPU
		{1DCFF4BB-7444-41B7-B452-6230765355CA}.Release|Any CPU.ActiveCfg = Release|Any CPU
		{1DCFF4BB-7444-41B7-B452-6230765355CA}.Release|Any CPU.Build.0 = Release|Any CPU
		{9D02524F-8593-4684-B318-1A357EBA32D8}.Debug|Any CPU.ActiveCfg = Debug|Any CPU
		{9D02524F-8593-4684-B318-1A357EBA32D8}.Debug|Any CPU.Build.0 = Debug|Any CPU
		{9D02524F-8593-4684-B318-1A357EBA32D8}.Release|Any CPU.ActiveCfg = Release|Any CPU
		{9D02524F-8593-4684-B318-1A357EBA32D8}.Release|Any CPU.Build.0 = Release|Any CPU
		{9CAA7F04-A7ED-482D-BC63-D84FD51BFC40}.Debug|Any CPU.ActiveCfg = Debug|Any CPU
		{9CAA7F04-A7ED-482D-BC63-D84FD51BFC40}.Debug|Any CPU.Build.0 = Debug|Any CPU
		{9CAA7F04-A7ED-482D-BC63-D84FD51BFC40}.Release|Any CPU.ActiveCfg = Release|Any CPU
		{9CAA7F04-A7ED-482D-BC63-D84FD51BFC40}.Release|Any CPU.Build.0 = Release|Any CPU
	EndGlobalSection
	GlobalSection(SolutionProperties) = preSolution
		HideSolutionNode = FALSE
	EndGlobalSection
	GlobalSection(NestedProjects) = preSolution
		{34E8A725-09FB-4980-AB4B-613DF3834B14} = {A16B5D4B-5361-4AA0-919D-34E0155FF1B9}
		{F436D8AE-8551-4DB9-A6D2-ACC8F3B06890} = {A16B5D4B-5361-4AA0-919D-34E0155FF1B9}
		{1DCFF4BB-7444-41B7-B452-6230765355CA} = {A16B5D4B-5361-4AA0-919D-34E0155FF1B9}
		{2B159C9D-9A91-49EF-9E56-D68B038986D8} = {7E2E515F-380B-4E24-9CED-FEEE83341AE8}
		{0850EC2D-D715-4583-A55C-1AD1FC26E947} = {2B159C9D-9A91-49EF-9E56-D68B038986D8}
		{9D02524F-8593-4684-B318-1A357EBA32D8} = {0850EC2D-D715-4583-A55C-1AD1FC26E947}
		{CD56721C-417D-4D91-B963-CD042CD80538} = {7E2E515F-380B-4E24-9CED-FEEE83341AE8}
		{9CAA7F04-A7ED-482D-BC63-D84FD51BFC40} = {CD56721C-417D-4D91-B963-CD042CD80538}
	EndGlobalSection
	GlobalSection(ExtensibilityGlobals) = postSolution
		SolutionGuid = {D0925CF7-5F82-4D46-9379-0E9839B19964}
	EndGlobalSection
EndGlobal
